// !$*UTF8*$!
{
	archiveVersion = 1;
	classes = {
	};
	objectVersion = 56;
	objects = {

/* Begin PBXBuildFile section */
		1E7E21CA2AC03E27005B56D0 /* ChickenApp.swift in Sources */ = {isa = PBXBuildFile; fileRef = 1E7E21C92AC03E27005B56D0 /* ChickenApp.swift */; };
		1E7E21CC2AC03E27005B56D0 /* ContentView.swift in Sources */ = {isa = PBXBuildFile; fileRef = 1E7E21CB2AC03E27005B56D0 /* ContentView.swift */; };
		1E7E21CE2AC03E28005B56D0 /* Assets.xcassets in Resources */ = {isa = PBXBuildFile; fileRef = 1E7E21CD2AC03E28005B56D0 /* Assets.xcassets */; };
		1E7E21D22AC03E28005B56D0 /* Preview Assets.xcassets in Resources */ = {isa = PBXBuildFile; fileRef = 1E7E21D12AC03E28005B56D0 /* Preview Assets.xcassets */; };
		1E7E21DC2AC03E28005B56D0 /* ChickenTests.swift in Sources */ = {isa = PBXBuildFile; fileRef = 1E7E21DB2AC03E28005B56D0 /* ChickenTests.swift */; };
		1E7E21E62AC03E28005B56D0 /* ChickenUITests.swift in Sources */ = {isa = PBXBuildFile; fileRef = 1E7E21E52AC03E28005B56D0 /* ChickenUITests.swift */; };
		1E7E21E82AC03E28005B56D0 /* ChickenUITestsLaunchTests.swift in Sources */ = {isa = PBXBuildFile; fileRef = 1E7E21E72AC03E28005B56D0 /* ChickenUITestsLaunchTests.swift */; };
/* End PBXBuildFile section */

/* Begin PBXContainerItemProxy section */
		1E7E21D82AC03E28005B56D0 /* PBXContainerItemProxy */ = {
			isa = PBXContainerItemProxy;
			containerPortal = 1E7E21BE2AC03E27005B56D0 /* Project object */;
			proxyType = 1;
			remoteGlobalIDString = 1E7E21C52AC03E27005B56D0;
			remoteInfo = Chicken;
		};
		1E7E21E22AC03E28005B56D0 /* PBXContainerItemProxy */ = {
			isa = PBXContainerItemProxy;
			containerPortal = 1E7E21BE2AC03E27005B56D0 /* Project object */;
			proxyType = 1;
			remoteGlobalIDString = 1E7E21C52AC03E27005B56D0;
			remoteInfo = Chicken;
		};
/* End PBXContainerItemProxy section */

/* Begin PBXFileReference section */
		1E7E21C62AC03E27005B56D0 /* Chicken.app */ = {isa = PBXFileReference; explicitFileType = wrapper.application; includeInIndex = 0; path = Chicken.app; sourceTree = BUILT_PRODUCTS_DIR; };
		1E7E21C92AC03E27005B56D0 /* ChickenApp.swift */ = {isa = PBXFileReference; lastKnownFileType = sourcecode.swift; path = ChickenApp.swift; sourceTree = "<group>"; };
		1E7E21CB2AC03E27005B56D0 /* ContentView.swift */ = {isa = PBXFileReference; lastKnownFileType = sourcecode.swift; path = ContentView.swift; sourceTree = "<group>"; };
		1E7E21CD2AC03E28005B56D0 /* Assets.xcassets */ = {isa = PBXFileReference; lastKnownFileType = folder.assetcatalog; path = Assets.xcassets; sourceTree = "<group>"; };
		1E7E21CF2AC03E28005B56D0 /* Chicken.entitlements */ = {isa = PBXFileReference; lastKnownFileType = text.plist.entitlements; path = Chicken.entitlements; sourceTree = "<group>"; };
		1E7E21D12AC03E28005B56D0 /* Preview Assets.xcassets */ = {isa = PBXFileReference; lastKnownFileType = folder.assetcatalog; path = "Preview Assets.xcassets"; sourceTree = "<group>"; };
		1E7E21D72AC03E28005B56D0 /* ChickenTests.xctest */ = {isa = PBXFileReference; explicitFileType = wrapper.cfbundle; includeInIndex = 0; path = ChickenTests.xctest; sourceTree = BUILT_PRODUCTS_DIR; };
		1E7E21DB2AC03E28005B56D0 /* ChickenTests.swift */ = {isa = PBXFileReference; lastKnownFileType = sourcecode.swift; path = ChickenTests.swift; sourceTree = "<group>"; };
		1E7E21E12AC03E28005B56D0 /* ChickenUITests.xctest */ = {isa = PBXFileReference; explicitFileType = wrapper.cfbundle; includeInIndex = 0; path = ChickenUITests.xctest; sourceTree = BUILT_PRODUCTS_DIR; };
		1E7E21E52AC03E28005B56D0 /* ChickenUITests.swift */ = {isa = PBXFileReference; lastKnownFileType = sourcecode.swift; path = ChickenUITests.swift; sourceTree = "<group>"; };
		1E7E21E72AC03E28005B56D0 /* ChickenUITestsLaunchTests.swift */ = {isa = PBXFileReference; lastKnownFileType = sourcecode.swift; path = ChickenUITestsLaunchTests.swift; sourceTree = "<group>"; };
/* End PBXFileReference section */

/* Begin PBXFrameworksBuildPhase section */
		1E7E21C32AC03E27005B56D0 /* Frameworks */ = {
			isa = PBXFrameworksBuildPhase;
			buildActionMask = 2147483647;
			files = (
			);
			runOnlyForDeploymentPostprocessing = 0;
		};
		1E7E21D42AC03E28005B56D0 /* Frameworks */ = {
			isa = PBXFrameworksBuildPhase;
			buildActionMask = 2147483647;
			files = (
			);
			runOnlyForDeploymentPostprocessing = 0;
		};
		1E7E21DE2AC03E28005B56D0 /* Frameworks */ = {
			isa = PBXFrameworksBuildPhase;
			buildActionMask = 2147483647;
			files = (
			);
			runOnlyForDeploymentPostprocessing = 0;
		};
/* End PBXFrameworksBuildPhase section */

/* Begin PBXGroup section */
		1E7E21BD2AC03E27005B56D0 = {
			isa = PBXGroup;
			children = (
				1E7E21C82AC03E27005B56D0 /* Chicken */,
				1E7E21DA2AC03E28005B56D0 /* ChickenTests */,
				1E7E21E42AC03E28005B56D0 /* ChickenUITests */,
				1E7E21C72AC03E27005B56D0 /* Products */,
			);
			sourceTree = "<group>";
		};
		1E7E21C72AC03E27005B56D0 /* Products */ = {
			isa = PBXGroup;
			children = (
				1E7E21C62AC03E27005B56D0 /* Chicken.app */,
				1E7E21D72AC03E28005B56D0 /* ChickenTests.xctest */,
				1E7E21E12AC03E28005B56D0 /* ChickenUITests.xctest */,
			);
			name = Products;
			sourceTree = "<group>";
		};
		1E7E21C82AC03E27005B56D0 /* Chicken */ = {
			isa = PBXGroup;
			children = (
				1E7E21C92AC03E27005B56D0 /* ChickenApp.swift */,
				1E7E21CB2AC03E27005B56D0 /* ContentView.swift */,
				1E7E21CD2AC03E28005B56D0 /* Assets.xcassets */,
				1E7E21CF2AC03E28005B56D0 /* Chicken.entitlements */,
				1E7E21D02AC03E28005B56D0 /* Preview Content */,
			);
			path = Chicken;
			sourceTree = "<group>";
		};
		1E7E21D02AC03E28005B56D0 /* Preview Content */ = {
			isa = PBXGroup;
			children = (
				1E7E21D12AC03E28005B56D0 /* Preview Assets.xcassets */,
			);
			path = "Preview Content";
			sourceTree = "<group>";
		};
		1E7E21DA2AC03E28005B56D0 /* ChickenTests */ = {
			isa = PBXGroup;
			children = (
				1E7E21DB2AC03E28005B56D0 /* ChickenTests.swift */,
			);
			path = ChickenTests;
			sourceTree = "<group>";
		};
		1E7E21E42AC03E28005B56D0 /* ChickenUITests */ = {
			isa = PBXGroup;
			children = (
				1E7E21E52AC03E28005B56D0 /* ChickenUITests.swift */,
				1E7E21E72AC03E28005B56D0 /* ChickenUITestsLaunchTests.swift */,
			);
			path = ChickenUITests;
			sourceTree = "<group>";
		};
/* End PBXGroup section */

/* Begin PBXNativeTarget section */
		1E7E21C52AC03E27005B56D0 /* Chicken */ = {
			isa = PBXNativeTarget;
			buildConfigurationList = 1E7E21EB2AC03E28005B56D0 /* Build configuration list for PBXNativeTarget "Chicken" */;
			buildPhases = (
				1E7E21C22AC03E27005B56D0 /* Sources */,
				1E7E21C32AC03E27005B56D0 /* Frameworks */,
				1E7E21C42AC03E27005B56D0 /* Resources */,
			);
			buildRules = (
			);
			dependencies = (
			);
			name = Chicken;
			productName = Chicken;
			productReference = 1E7E21C62AC03E27005B56D0 /* Chicken.app */;
			productType = "com.apple.product-type.application";
		};
		1E7E21D62AC03E28005B56D0 /* ChickenTests */ = {
			isa = PBXNativeTarget;
			buildConfigurationList = 1E7E21EE2AC03E28005B56D0 /* Build configuration list for PBXNativeTarget "ChickenTests" */;
			buildPhases = (
				1E7E21D32AC03E28005B56D0 /* Sources */,
				1E7E21D42AC03E28005B56D0 /* Frameworks */,
				1E7E21D52AC03E28005B56D0 /* Resources */,
			);
			buildRules = (
			);
			dependencies = (
				1E7E21D92AC03E28005B56D0 /* PBXTargetDependency */,
			);
			name = ChickenTests;
			productName = ChickenTests;
			productReference = 1E7E21D72AC03E28005B56D0 /* ChickenTests.xctest */;
			productType = "com.apple.product-type.bundle.unit-test";
		};
		1E7E21E02AC03E28005B56D0 /* ChickenUITests */ = {
			isa = PBXNativeTarget;
			buildConfigurationList = 1E7E21F12AC03E28005B56D0 /* Build configuration list for PBXNativeTarget "ChickenUITests" */;
			buildPhases = (
				1E7E21DD2AC03E28005B56D0 /* Sources */,
				1E7E21DE2AC03E28005B56D0 /* Frameworks */,
				1E7E21DF2AC03E28005B56D0 /* Resources */,
			);
			buildRules = (
			);
			dependencies = (
				1E7E21E32AC03E28005B56D0 /* PBXTargetDependency */,
			);
			name = ChickenUITests;
			productName = ChickenUITests;
			productReference = 1E7E21E12AC03E28005B56D0 /* ChickenUITests.xctest */;
			productType = "com.apple.product-type.bundle.ui-testing";
		};
/* End PBXNativeTarget section */

/* Begin PBXProject section */
		1E7E21BE2AC03E27005B56D0 /* Project object */ = {
			isa = PBXProject;
			attributes = {
				BuildIndependentTargetsInParallel = 1;
				LastSwiftUpdateCheck = 1500;
				LastUpgradeCheck = 1500;
				TargetAttributes = {
					1E7E21C52AC03E27005B56D0 = {
						CreatedOnToolsVersion = 15.0;
					};
					1E7E21D62AC03E28005B56D0 = {
						CreatedOnToolsVersion = 15.0;
						TestTargetID = 1E7E21C52AC03E27005B56D0;
					};
					1E7E21E02AC03E28005B56D0 = {
						CreatedOnToolsVersion = 15.0;
						TestTargetID = 1E7E21C52AC03E27005B56D0;
					};
				};
			};
			buildConfigurationList = 1E7E21C12AC03E27005B56D0 /* Build configuration list for PBXProject "Chicken" */;
			compatibilityVersion = "Xcode 14.0";
			developmentRegion = en;
			hasScannedForEncodings = 0;
			knownRegions = (
				en,
				Base,
			);
			mainGroup = 1E7E21BD2AC03E27005B56D0;
			productRefGroup = 1E7E21C72AC03E27005B56D0 /* Products */;
			projectDirPath = "";
			projectRoot = "";
			targets = (
				1E7E21C52AC03E27005B56D0 /* Chicken */,
				1E7E21D62AC03E28005B56D0 /* ChickenTests */,
				1E7E21E02AC03E28005B56D0 /* ChickenUITests */,
			);
		};
/* End PBXProject section */

/* Begin PBXResourcesBuildPhase section */
		1E7E21C42AC03E27005B56D0 /* Resources */ = {
			isa = PBXResourcesBuildPhase;
			buildActionMask = 2147483647;
			files = (
				1E7E21D22AC03E28005B56D0 /* Preview Assets.xcassets in Resources */,
				1E7E21CE2AC03E28005B56D0 /* Assets.xcassets in Resources */,
			);
			runOnlyForDeploymentPostprocessing = 0;
		};
		1E7E21D52AC03E28005B56D0 /* Resources */ = {
			isa = PBXResourcesBuildPhase;
			buildActionMask = 2147483647;
			files = (
			);
			runOnlyForDeploymentPostprocessing = 0;
		};
		1E7E21DF2AC03E28005B56D0 /* Resources */ = {
			isa = PBXResourcesBuildPhase;
			buildActionMask = 2147483647;
			files = (
			);
			runOnlyForDeploymentPostprocessing = 0;
		};
/* End PBXResourcesBuildPhase section */

/* Begin PBXSourcesBuildPhase section */
		1E7E21C22AC03E27005B56D0 /* Sources */ = {
			isa = PBXSourcesBuildPhase;
			buildActionMask = 2147483647;
			files = (
				1E7E21CC2AC03E27005B56D0 /* ContentView.swift in Sources */,
				1E7E21CA2AC03E27005B56D0 /* ChickenApp.swift in Sources */,
			);
			runOnlyForDeploymentPostprocessing = 0;
		};
		1E7E21D32AC03E28005B56D0 /* Sources */ = {
			isa = PBXSourcesBuildPhase;
			buildActionMask = 2147483647;
			files = (
				1E7E21DC2AC03E28005B56D0 /* ChickenTests.swift in Sources */,
			);
			runOnlyForDeploymentPostprocessing = 0;
		};
		1E7E21DD2AC03E28005B56D0 /* Sources */ = {
			isa = PBXSourcesBuildPhase;
			buildActionMask = 2147483647;
			files = (
				1E7E21E82AC03E28005B56D0 /* ChickenUITestsLaunchTests.swift in Sources */,
				1E7E21E62AC03E28005B56D0 /* ChickenUITests.swift in Sources */,
			);
			runOnlyForDeploymentPostprocessing = 0;
		};
/* End PBXSourcesBuildPhase section */

/* Begin PBXTargetDependency section */
		1E7E21D92AC03E28005B56D0 /* PBXTargetDependency */ = {
			isa = PBXTargetDependency;
			target = 1E7E21C52AC03E27005B56D0 /* Chicken */;
			targetProxy = 1E7E21D82AC03E28005B56D0 /* PBXContainerItemProxy */;
		};
		1E7E21E32AC03E28005B56D0 /* PBXTargetDependency */ = {
			isa = PBXTargetDependency;
			target = 1E7E21C52AC03E27005B56D0 /* Chicken */;
			targetProxy = 1E7E21E22AC03E28005B56D0 /* PBXContainerItemProxy */;
		};
/* End PBXTargetDependency section */

/* Begin XCBuildConfiguration section */
		1E7E21E92AC03E28005B56D0 /* Debug */ = {
			isa = XCBuildConfiguration;
			buildSettings = {
				ALWAYS_SEARCH_USER_PATHS = NO;
				ASSETCATALOG_COMPILER_GENERATE_SWIFT_ASSET_SYMBOL_EXTENSIONS = YES;
				CLANG_ANALYZER_NONNULL = YES;
				CLANG_ANALYZER_NUMBER_OBJECT_CONVERSION = YES_AGGRESSIVE;
				CLANG_CXX_LANGUAGE_STANDARD = "gnu++20";
				CLANG_ENABLE_MODULES = YES;
				CLANG_ENABLE_OBJC_ARC = YES;
				CLANG_ENABLE_OBJC_WEAK = YES;
				CLANG_WARN_BLOCK_CAPTURE_AUTORELEASING = YES;
				CLANG_WARN_BOOL_CONVERSION = YES;
				CLANG_WARN_COMMA = YES;
				CLANG_WARN_CONSTANT_CONVERSION = YES;
				CLANG_WARN_DEPRECATED_OBJC_IMPLEMENTATIONS = YES;
				CLANG_WARN_DIRECT_OBJC_ISA_USAGE = YES_ERROR;
				CLANG_WARN_DOCUMENTATION_COMMENTS = YES;
				CLANG_WARN_EMPTY_BODY = YES;
				CLANG_WARN_ENUM_CONVERSION = YES;
				CLANG_WARN_INFINITE_RECURSION = YES;
				CLANG_WARN_INT_CONVERSION = YES;
				CLANG_WARN_NON_LITERAL_NULL_CONVERSION = YES;
				CLANG_WARN_OBJC_IMPLICIT_RETAIN_SELF = YES;
				CLANG_WARN_OBJC_LITERAL_CONVERSION = YES;
				CLANG_WARN_OBJC_ROOT_CLASS = YES_ERROR;
				CLANG_WARN_QUOTED_INCLUDE_IN_FRAMEWORK_HEADER = YES;
				CLANG_WARN_RANGE_LOOP_ANALYSIS = YES;
				CLANG_WARN_STRICT_PROTOTYPES = YES;
				CLANG_WARN_SUSPICIOUS_MOVE = YES;
				CLANG_WARN_UNGUARDED_AVAILABILITY = YES_AGGRESSIVE;
				CLANG_WARN_UNREACHABLE_CODE = YES;
				CLANG_WARN__DUPLICATE_METHOD_MATCH = YES;
				COPY_PHASE_STRIP = NO;
				DEBUG_INFORMATION_FORMAT = dwarf;
				ENABLE_STRICT_OBJC_MSGSEND = YES;
				ENABLE_TESTABILITY = YES;
				ENABLE_USER_SCRIPT_SANDBOXING = YES;
				GCC_C_LANGUAGE_STANDARD = gnu17;
				GCC_DYNAMIC_NO_PIC = NO;
				GCC_NO_COMMON_BLOCKS = YES;
				GCC_OPTIMIZATION_LEVEL = 0;
				GCC_PREPROCESSOR_DEFINITIONS = (
					"DEBUG=1",
					"$(inherited)",
				);
				GCC_WARN_64_TO_32_BIT_CONVERSION = YES;
				GCC_WARN_ABOUT_RETURN_TYPE = YES_ERROR;
				GCC_WARN_UNDECLARED_SELECTOR = YES;
				GCC_WARN_UNINITIALIZED_AUTOS = YES_AGGRESSIVE;
				GCC_WARN_UNUSED_FUNCTION = YES;
				GCC_WARN_UNUSED_VARIABLE = YES;
				LOCALIZATION_PREFERS_STRING_CATALOGS = YES;
				MTL_ENABLE_DEBUG_INFO = INCLUDE_SOURCE;
				MTL_FAST_MATH = YES;
				ONLY_ACTIVE_ARCH = YES;
				SWIFT_ACTIVE_COMPILATION_CONDITIONS = "DEBUG $(inherited)";
				SWIFT_OPTIMIZATION_LEVEL = "-Onone";
			};
			name = Debug;
		};
		1E7E21EA2AC03E28005B56D0 /* Release */ = {
			isa = XCBuildConfiguration;
			buildSettings = {
				ALWAYS_SEARCH_USER_PATHS = NO;
				ASSETCATALOG_COMPILER_GENERATE_SWIFT_ASSET_SYMBOL_EXTENSIONS = YES;
				CLANG_ANALYZER_NONNULL = YES;
				CLANG_ANALYZER_NUMBER_OBJECT_CONVERSION = YES_AGGRESSIVE;
				CLANG_CXX_LANGUAGE_STANDARD = "gnu++20";
				CLANG_ENABLE_MODULES = YES;
				CLANG_ENABLE_OBJC_ARC = YES;
				CLANG_ENABLE_OBJC_WEAK = YES;
				CLANG_WARN_BLOCK_CAPTURE_AUTORELEASING = YES;
				CLANG_WARN_BOOL_CONVERSION = YES;
				CLANG_WARN_COMMA = YES;
				CLANG_WARN_CONSTANT_CONVERSION = YES;
				CLANG_WARN_DEPRECATED_OBJC_IMPLEMENTATIONS = YES;
				CLANG_WARN_DIRECT_OBJC_ISA_USAGE = YES_ERROR;
				CLANG_WARN_DOCUMENTATION_COMMENTS = YES;
				CLANG_WARN_EMPTY_BODY = YES;
				CLANG_WARN_ENUM_CONVERSION = YES;
				CLANG_WARN_INFINITE_RECURSION = YES;
				CLANG_WARN_INT_CONVERSION = YES;
				CLANG_WARN_NON_LITERAL_NULL_CONVERSION = YES;
				CLANG_WARN_OBJC_IMPLICIT_RETAIN_SELF = YES;
				CLANG_WARN_OBJC_LITERAL_CONVERSION = YES;
				CLANG_WARN_OBJC_ROOT_CLASS = YES_ERROR;
				CLANG_WARN_QUOTED_INCLUDE_IN_FRAMEWORK_HEADER = YES;
				CLANG_WARN_RANGE_LOOP_ANALYSIS = YES;
				CLANG_WARN_STRICT_PROTOTYPES = YES;
				CLANG_WARN_SUSPICIOUS_MOVE = YES;
				CLANG_WARN_UNGUARDED_AVAILABILITY = YES_AGGRESSIVE;
				CLANG_WARN_UNREACHABLE_CODE = YES;
				CLANG_WARN__DUPLICATE_METHOD_MATCH = YES;
				COPY_PHASE_STRIP = NO;
				DEBUG_INFORMATION_FORMAT = "dwarf-with-dsym";
				ENABLE_NS_ASSERTIONS = NO;
				ENABLE_STRICT_OBJC_MSGSEND = YES;
				ENABLE_USER_SCRIPT_SANDBOXING = YES;
				GCC_C_LANGUAGE_STANDARD = gnu17;
				GCC_NO_COMMON_BLOCKS = YES;
				GCC_WARN_64_TO_32_BIT_CONVERSION = YES;
				GCC_WARN_ABOUT_RETURN_TYPE = YES_ERROR;
				GCC_WARN_UNDECLARED_SELECTOR = YES;
				GCC_WARN_UNINITIALIZED_AUTOS = YES_AGGRESSIVE;
				GCC_WARN_UNUSED_FUNCTION = YES;
				GCC_WARN_UNUSED_VARIABLE = YES;
				LOCALIZATION_PREFERS_STRING_CATALOGS = YES;
				MTL_ENABLE_DEBUG_INFO = NO;
				MTL_FAST_MATH = YES;
				SWIFT_COMPILATION_MODE = wholemodule;
			};
			name = Release;
		};
		1E7E21EC2AC03E28005B56D0 /* Debug */ = {
			isa = XCBuildConfiguration;
			buildSettings = {
				ASSETCATALOG_COMPILER_APPICON_NAME = AppIcon;
				ASSETCATALOG_COMPILER_GLOBAL_ACCENT_COLOR_NAME = AccentColor;
				CODE_SIGN_ENTITLEMENTS = Chicken/Chicken.entitlements;
				CODE_SIGN_STYLE = Automatic;
				CURRENT_PROJECT_VERSION = 1;
				DEVELOPMENT_ASSET_PATHS = "\"Chicken/Preview Content\"";
				DEVELOPMENT_TEAM = 65259SKCKS;
				ENABLE_HARDENED_RUNTIME = YES;
				ENABLE_PREVIEWS = YES;
				GENERATE_INFOPLIST_FILE = YES;
				"INFOPLIST_KEY_UIApplicationSceneManifest_Generation[sdk=iphoneos*]" = YES;
				"INFOPLIST_KEY_UIApplicationSceneManifest_Generation[sdk=iphonesimulator*]" = YES;
				"INFOPLIST_KEY_UIApplicationSupportsIndirectInputEvents[sdk=iphoneos*]" = YES;
				"INFOPLIST_KEY_UIApplicationSupportsIndirectInputEvents[sdk=iphonesimulator*]" = YES;
				"INFOPLIST_KEY_UILaunchScreen_Generation[sdk=iphoneos*]" = YES;
				"INFOPLIST_KEY_UILaunchScreen_Generation[sdk=iphonesimulator*]" = YES;
				"INFOPLIST_KEY_UIStatusBarStyle[sdk=iphoneos*]" = UIStatusBarStyleDefault;
				"INFOPLIST_KEY_UIStatusBarStyle[sdk=iphonesimulator*]" = UIStatusBarStyleDefault;
				INFOPLIST_KEY_UISupportedInterfaceOrientations_iPad = "UIInterfaceOrientationPortrait UIInterfaceOrientationPortraitUpsideDown UIInterfaceOrientationLandscapeLeft UIInterfaceOrientationLandscapeRight";
				INFOPLIST_KEY_UISupportedInterfaceOrientations_iPhone = "UIInterfaceOrientationPortrait UIInterfaceOrientationLandscapeLeft UIInterfaceOrientationLandscapeRight";
				IPHONEOS_DEPLOYMENT_TARGET = 17.0;
				LD_RUNPATH_SEARCH_PATHS = "@executable_path/Frameworks";
				"LD_RUNPATH_SEARCH_PATHS[sdk=macosx*]" = "@executable_path/../Frameworks";
				MACOSX_DEPLOYMENT_TARGET = 14.0;
				MARKETING_VERSION = 1.0;
				PRODUCT_BUNDLE_IDENTIFIER = com.xiayue.Chicken;
				PRODUCT_NAME = "$(TARGET_NAME)";
				SDKROOT = auto;
				SUPPORTED_PLATFORMS = "iphoneos iphonesimulator macosx";
				SWIFT_EMIT_LOC_STRINGS = YES;
				SWIFT_VERSION = 5.0;
				TARGETED_DEVICE_FAMILY = "1,2";
			};
			name = Debug;
		};
		1E7E21ED2AC03E28005B56D0 /* Release */ = {
			isa = XCBuildConfiguration;
			buildSettings = {
				ASSETCATALOG_COMPILER_APPICON_NAME = AppIcon;
				ASSETCATALOG_COMPILER_GLOBAL_ACCENT_COLOR_NAME = AccentColor;
				CODE_SIGN_ENTITLEMENTS = Chicken/Chicken.entitlements;
				CODE_SIGN_STYLE = Automatic;
				CURRENT_PROJECT_VERSION = 1;
				DEVELOPMENT_ASSET_PATHS = "\"Chicken/Preview Content\"";
				DEVELOPMENT_TEAM = 65259SKCKS;
				ENABLE_HARDENED_RUNTIME = YES;
				ENABLE_PREVIEWS = YES;
				GENERATE_INFOPLIST_FILE = YES;
				"INFOPLIST_KEY_UIApplicationSceneManifest_Generation[sdk=iphoneos*]" = YES;
				"INFOPLIST_KEY_UIApplicationSceneManifest_Generation[sdk=iphonesimulator*]" = YES;
				"INFOPLIST_KEY_UIApplicationSupportsIndirectInputEvents[sdk=iphoneos*]" = YES;
				"INFOPLIST_KEY_UIApplicationSupportsIndirectInputEvents[sdk=iphonesimulator*]" = YES;
				"INFOPLIST_KEY_UILaunchScreen_Generation[sdk=iphoneos*]" = YES;
				"INFOPLIST_KEY_UILaunchScreen_Generation[sdk=iphonesimulator*]" = YES;
				"INFOPLIST_KEY_UIStatusBarStyle[sdk=iphoneos*]" = UIStatusBarStyleDefault;
				"INFOPLIST_KEY_UIStatusBarStyle[sdk=iphonesimulator*]" = UIStatusBarStyleDefault;
				INFOPLIST_KEY_UISupportedInterfaceOrientations_iPad = "UIInterfaceOrientationPortrait UIInterfaceOrientationPortraitUpsideDown UIInterfaceOrientationLandscapeLeft UIInterfaceOrientationLandscapeRight";
				INFOPLIST_KEY_UISupportedInterfaceOrientations_iPhone = "UIInterfaceOrientationPortrait UIInterfaceOrientationLandscapeLeft UIInterfaceOrientationLandscapeRight";
				IPHONEOS_DEPLOYMENT_TARGET = 17.0;
				LD_RUNPATH_SEARCH_PATHS = "@executable_path/Frameworks";
				"LD_RUNPATH_SEARCH_PATHS[sdk=macosx*]" = "@executable_path/../Frameworks";
				MACOSX_DEPLOYMENT_TARGET = 14.0;
				MARKETING_VERSION = 1.0;
				PRODUCT_BUNDLE_IDENTIFIER = com.xiayue.Chicken;
				PRODUCT_NAME = "$(TARGET_NAME)";
				SDKROOT = auto;
				SUPPORTED_PLATFORMS = "iphoneos iphonesimulator macosx";
				SWIFT_EMIT_LOC_STRINGS = YES;
				SWIFT_VERSION = 5.0;
				TARGETED_DEVICE_FAMILY = "1,2";
			};
			name = Release;
		};
		1E7E21EF2AC03E28005B56D0 /* Debug */ = {
			isa = XCBuildConfiguration;
			buildSettings = {
				ALWAYS_EMBED_SWIFT_STANDARD_LIBRARIES = YES;
				BUNDLE_LOADER = "$(TEST_HOST)";
				CODE_SIGN_STYLE = Automatic;
				CURRENT_PROJECT_VERSION = 1;
				DEVELOPMENT_TEAM = 65259SKCKS;
				GENERATE_INFOPLIST_FILE = YES;
				IPHONEOS_DEPLOYMENT_TARGET = 17.0;
				MACOSX_DEPLOYMENT_TARGET = 14.0;
				MARKETING_VERSION = 1.0;
				PRODUCT_BUNDLE_IDENTIFIER = com.xiayue.ChickenTests;
				PRODUCT_NAME = "$(TARGET_NAME)";
				SDKROOT = auto;
				SUPPORTED_PLATFORMS = "iphoneos iphonesimulator macosx";
				SWIFT_EMIT_LOC_STRINGS = NO;
				SWIFT_VERSION = 5.0;
				TARGETED_DEVICE_FAMILY = "1,2";
				TEST_HOST = "$(BUILT_PRODUCTS_DIR)/Chicken.app/$(BUNDLE_EXECUTABLE_FOLDER_PATH)/Chicken";
			};
			name = Debug;
		};
		1E7E21F02AC03E28005B56D0 /* Release */ = {
			isa = XCBuildConfiguration;
			buildSettings = {
				ALWAYS_EMBED_SWIFT_STANDARD_LIBRARIES = YES;
				BUNDLE_LOADER = "$(TEST_HOST)";
				CODE_SIGN_STYLE = Automatic;
				CURRENT_PROJECT_VERSION = 1;
				DEVELOPMENT_TEAM = 65259SKCKS;
				GENERATE_INFOPLIST_FILE = YES;
				IPHONEOS_DEPLOYMENT_TARGET = 17.0;
				MACOSX_DEPLOYMENT_TARGET = 14.0;
				MARKETING_VERSION = 1.0;
				PRODUCT_BUNDLE_IDENTIFIER = com.xiayue.ChickenTests;
				PRODUCT_NAME = "$(TARGET_NAME)";
				SDKROOT = auto;
				SUPPORTED_PLATFORMS = "iphoneos iphonesimulator macosx";
				SWIFT_EMIT_LOC_STRINGS = NO;
				SWIFT_VERSION = 5.0;
				TARGETED_DEVICE_FAMILY = "1,2";
				TEST_HOST = "$(BUILT_PRODUCTS_DIR)/Chicken.app/$(BUNDLE_EXECUTABLE_FOLDER_PATH)/Chicken";
			};
			name = Release;
		};
		1E7E21F22AC03E28005B56D0 /* Debug */ = {
			isa = XCBuildConfiguration;
			buildSettings = {
				ALWAYS_EMBED_SWIFT_STANDARD_LIBRARIES = YES;
				CODE_SIGN_STYLE = Automatic;
				CURRENT_PROJECT_VERSION = 1;
				DEVELOPMENT_TEAM = 65259SKCKS;
				GENERATE_INFOPLIST_FILE = YES;
				IPHONEOS_DEPLOYMENT_TARGET = 17.0;
				MACOSX_DEPLOYMENT_TARGET = 14.0;
				MARKETING_VERSION = 1.0;
				PRODUCT_BUNDLE_IDENTIFIER = com.xiayue.ChickenUITests;
				PRODUCT_NAME = "$(TARGET_NAME)";
				SDKROOT = auto;
				SUPPORTED_PLATFORMS = "iphoneos iphonesimulator macosx";
				SWIFT_EMIT_LOC_STRINGS = NO;
				SWIFT_VERSION = 5.0;
				TARGETED_DEVICE_FAMILY = "1,2";
				TEST_TARGET_NAME = Chicken;
			};
			name = Debug;
		};
		1E7E21F32AC03E28005B56D0 /* Release */ = {
			isa = XCBuildConfiguration;
			buildSettings = {
				ALWAYS_EMBED_SWIFT_STANDARD_LIBRARIES = YES;
				CODE_SIGN_STYLE = Automatic;
				CURRENT_PROJECT_VERSION = 1;
				DEVELOPMENT_TEAM = 65259SKCKS;
				GENERATE_INFOPLIST_FILE = YES;
				IPHONEOS_DEPLOYMENT_TARGET = 17.0;
				MACOSX_DEPLOYMENT_TARGET = 14.0;
				MARKETING_VERSION = 1.0;
				PRODUCT_BUNDLE_IDENTIFIER = com.xiayue.ChickenUITests;
				PRODUCT_NAME = "$(TARGET_NAME)";
				SDKROOT = auto;
				SUPPORTED_PLATFORMS = "iphoneos iphonesimulator macosx";
				SWIFT_EMIT_LOC_STRINGS = NO;
				SWIFT_VERSION = 5.0;
				TARGETED_DEVICE_FAMILY = "1,2";
				TEST_TARGET_NAME = Chicken;
			};
			name = Release;
		};
/* End XCBuildConfiguration section */

/* Begin XCConfigurationList section */
		1E7E21C12AC03E27005B56D0 /* Build configuration list for PBXProject "Chicken" */ = {
			isa = XCConfigurationList;
			buildConfigurations = (
				1E7E21E92AC03E28005B56D0 /* Debug */,
				1E7E21EA2AC03E28005B56D0 /* Release */,
			);
			defaultConfigurationIsVisible = 0;
			defaultConfigurationName = Release;
		};
		1E7E21EB2AC03E28005B56D0 /* Build configuration list for PBXNativeTarget "Chicken" */ = {
			isa = XCConfigurationList;
			buildConfigurations = (
				1E7E21EC2AC03E28005B56D0 /* Debug */,
				1E7E21ED2AC03E28005B56D0 /* Release */,
			);
			defaultConfigurationIsVisible = 0;
			defaultConfigurationName = Release;
		};
		1E7E21EE2AC03E28005B56D0 /* Build configuration list for PBXNativeTarget "ChickenTests" */ = {
			isa = XCConfigurationList;
			buildConfigurations = (
				1E7E21EF2AC03E28005B56D0 /* Debug */,
				1E7E21F02AC03E28005B56D0 /* Release */,
			);
			defaultConfigurationIsVisible = 0;
			defaultConfigurationName = Release;
		};
		1E7E21F12AC03E28005B56D0 /* Build configuration list for PBXNativeTarget "ChickenUITests" */ = {
			isa = XCConfigurationList;
			buildConfigurations = (
				1E7E21F22AC03E28005B56D0 /* Debug */,
				1E7E21F32AC03E28005B56D0 /* Release */,
			);
			defaultConfigurationIsVisible = 0;
			defaultConfigurationName = Release;
		};
/* End XCConfigurationList section */
	};
	rootObject = 1E7E21BE2AC03E27005B56D0 /* Project object */;
}
